// !$*UTF8*$!
{
	archiveVersion = 1;
	classes = {
	};
	objectVersion = 50;
	objects = {

/* Begin PBXBuildFile section */
		290E75EA21D1C8AF004E9FAC /* UINavigationBar+NormalView.swift in Sources */ = {isa = PBXBuildFile; fileRef = 290E75E921D1C8AF004E9FAC /* UINavigationBar+NormalView.swift */; };
		290E75F921D21960004E9FAC /* CoreDataManager.swift in Sources */ = {isa = PBXBuildFile; fileRef = 290E75F821D21960004E9FAC /* CoreDataManager.swift */; };
		290E760021D21E0C004E9FAC /* Model.xcdatamodeld in Sources */ = {isa = PBXBuildFile; fileRef = 290E75FE21D21E0C004E9FAC /* Model.xcdatamodeld */; };
		293165C321CA203C00B40328 /* UIDevice+Extension.swift in Sources */ = {isa = PBXBuildFile; fileRef = 293165C221CA203C00B40328 /* UIDevice+Extension.swift */; };
		293165C521CA239200B40328 /* MineSecondView.swift in Sources */ = {isa = PBXBuildFile; fileRef = 293165C421CA239200B40328 /* MineSecondView.swift */; };
		293165C721CA239E00B40328 /* MineSecondView.xib in Resources */ = {isa = PBXBuildFile; fileRef = 293165C621CA239E00B40328 /* MineSecondView.xib */; };
		293165C921CA374500B40328 /* MineThirdView.swift in Sources */ = {isa = PBXBuildFile; fileRef = 293165C821CA374500B40328 /* MineThirdView.swift */; };
		293165CB21CA375100B40328 /* MineThirdView.xib in Resources */ = {isa = PBXBuildFile; fileRef = 293165CA21CA375100B40328 /* MineThirdView.xib */; };
		2982B72A21CB2CED0062E438 /* GPLKeyBoardWrapper.swift in Sources */ = {isa = PBXBuildFile; fileRef = 2982B72921CB2CED0062E438 /* GPLKeyBoardWrapper.swift */; };
		2982B73221CB94400062E438 /* BaseMineView.swift in Sources */ = {isa = PBXBuildFile; fileRef = 2982B73121CB94400062E438 /* BaseMineView.swift */; };
		29BFC4FC21C3AC15008ACC81 /* AppDelegate.swift in Sources */ = {isa = PBXBuildFile; fileRef = 29BFC4FB21C3AC15008ACC81 /* AppDelegate.swift */; };
		29BFC4FE21C3AC15008ACC81 /* ViewController.swift in Sources */ = {isa = PBXBuildFile; fileRef = 29BFC4FD21C3AC15008ACC81 /* ViewController.swift */; };
		29BFC50121C3AC15008ACC81 /* Main.storyboard in Resources */ = {isa = PBXBuildFile; fileRef = 29BFC4FF21C3AC15008ACC81 /* Main.storyboard */; };
		29BFC50321C3AC16008ACC81 /* Assets.xcassets in Resources */ = {isa = PBXBuildFile; fileRef = 29BFC50221C3AC16008ACC81 /* Assets.xcassets */; };
		29BFC50621C3AC16008ACC81 /* LaunchScreen.storyboard in Resources */ = {isa = PBXBuildFile; fileRef = 29BFC50421C3AC16008ACC81 /* LaunchScreen.storyboard */; };
		29BFC51021C3AE18008ACC81 /* FirstViewController.swift in Sources */ = {isa = PBXBuildFile; fileRef = 29BFC50E21C3AE18008ACC81 /* FirstViewController.swift */; };
		29BFC51121C3AE18008ACC81 /* FirstViewController.xib in Resources */ = {isa = PBXBuildFile; fileRef = 29BFC50F21C3AE18008ACC81 /* FirstViewController.xib */; };
		29BFC51421C3B8DE008ACC81 /* CollectionHeaderReusableView.swift in Sources */ = {isa = PBXBuildFile; fileRef = 29BFC51221C3B8DE008ACC81 /* CollectionHeaderReusableView.swift */; };
		29BFC51521C3B8DE008ACC81 /* CollectionHeaderReusableView.xib in Resources */ = {isa = PBXBuildFile; fileRef = 29BFC51321C3B8DE008ACC81 /* CollectionHeaderReusableView.xib */; };
		29BFC51821C3B920008ACC81 /* CollectionFooterReusableView.swift in Sources */ = {isa = PBXBuildFile; fileRef = 29BFC51621C3B920008ACC81 /* CollectionFooterReusableView.swift */; };
		29BFC51921C3B920008ACC81 /* CollectionFooterReusableView.xib in Resources */ = {isa = PBXBuildFile; fileRef = 29BFC51721C3B920008ACC81 /* CollectionFooterReusableView.xib */; };
		29BFC51C21C3B9E8008ACC81 /* CollectionViewCell.swift in Sources */ = {isa = PBXBuildFile; fileRef = 29BFC51A21C3B9E8008ACC81 /* CollectionViewCell.swift */; };
		29BFC51D21C3B9E8008ACC81 /* CollectionViewCell.xib in Resources */ = {isa = PBXBuildFile; fileRef = 29BFC51B21C3B9E8008ACC81 /* CollectionViewCell.xib */; };
		29BFC51F21C76D00008ACC81 /* MineInfoView.swift in Sources */ = {isa = PBXBuildFile; fileRef = 29BFC51E21C76D00008ACC81 /* MineInfoView.swift */; };
		29BFC52121C76D0A008ACC81 /* MineInfoView.xib in Resources */ = {isa = PBXBuildFile; fileRef = 29BFC52021C76D0A008ACC81 /* MineInfoView.xib */; };
		29D1275521D0F588000C6078 /* BaseViewController.swift in Sources */ = {isa = PBXBuildFile; fileRef = 29D1275421D0F588000C6078 /* BaseViewController.swift */; };
/* End PBXBuildFile section */

/* Begin PBXFileReference section */
		290E75E921D1C8AF004E9FAC /* UINavigationBar+NormalView.swift */ = {isa = PBXFileReference; lastKnownFileType = sourcecode.swift; path = "UINavigationBar+NormalView.swift"; sourceTree = "<group>"; };
		290E75F821D21960004E9FAC /* CoreDataManager.swift */ = {isa = PBXFileReference; lastKnownFileType = sourcecode.swift; path = CoreDataManager.swift; sourceTree = "<group>"; };
		290E75FF21D21E0C004E9FAC /* Model.xcdatamodel */ = {isa = PBXFileReference; lastKnownFileType = wrapper.xcdatamodel; path = Model.xcdatamodel; sourceTree = "<group>"; };
		293165C221CA203C00B40328 /* UIDevice+Extension.swift */ = {isa = PBXFileReference; lastKnownFileType = sourcecode.swift; path = "UIDevice+Extension.swift"; sourceTree = "<group>"; };
		293165C421CA239200B40328 /* MineSecondView.swift */ = {isa = PBXFileReference; lastKnownFileType = sourcecode.swift; path = MineSecondView.swift; sourceTree = "<group>"; };
		293165C621CA239E00B40328 /* MineSecondView.xib */ = {isa = PBXFileReference; lastKnownFileType = file.xib; path = MineSecondView.xib; sourceTree = "<group>"; };
		293165C821CA374500B40328 /* MineThirdView.swift */ = {isa = PBXFileReference; lastKnownFileType = sourcecode.swift; path = MineThirdView.swift; sourceTree = "<group>"; };
		293165CA21CA375100B40328 /* MineThirdView.xib */ = {isa = PBXFileReference; lastKnownFileType = file.xib; path = MineThirdView.xib; sourceTree = "<group>"; };
		2982B72921CB2CED0062E438 /* GPLKeyBoardWrapper.swift */ = {isa = PBXFileReference; lastKnownFileType = sourcecode.swift; path = GPLKeyBoardWrapper.swift; sourceTree = "<group>"; };
		2982B73121CB94400062E438 /* BaseMineView.swift */ = {isa = PBXFileReference; lastKnownFileType = sourcecode.swift; path = BaseMineView.swift; sourceTree = "<group>"; };
		29BFC4F821C3AC15008ACC81 /* CurriculumVitae.app */ = {isa = PBXFileReference; explicitFileType = wrapper.application; includeInIndex = 0; path = CurriculumVitae.app; sourceTree = BUILT_PRODUCTS_DIR; };
		29BFC4FB21C3AC15008ACC81 /* AppDelegate.swift */ = {isa = PBXFileReference; lastKnownFileType = sourcecode.swift; path = AppDelegate.swift; sourceTree = "<group>"; };
		29BFC4FD21C3AC15008ACC81 /* ViewController.swift */ = {isa = PBXFileReference; lastKnownFileType = sourcecode.swift; path = ViewController.swift; sourceTree = "<group>"; };
		29BFC50021C3AC15008ACC81 /* Base */ = {isa = PBXFileReference; lastKnownFileType = file.storyboard; name = Base; path = Base.lproj/Main.storyboard; sourceTree = "<group>"; };
		29BFC50221C3AC16008ACC81 /* Assets.xcassets */ = {isa = PBXFileReference; lastKnownFileType = folder.assetcatalog; path = Assets.xcassets; sourceTree = "<group>"; };
		29BFC50521C3AC16008ACC81 /* Base */ = {isa = PBXFileReference; lastKnownFileType = file.storyboard; name = Base; path = Base.lproj/LaunchScreen.storyboard; sourceTree = "<group>"; };
		29BFC50721C3AC16008ACC81 /* Info.plist */ = {isa = PBXFileReference; lastKnownFileType = text.plist.xml; path = Info.plist; sourceTree = "<group>"; };
		29BFC50E21C3AE18008ACC81 /* FirstViewController.swift */ = {isa = PBXFileReference; lastKnownFileType = sourcecode.swift; path = FirstViewController.swift; sourceTree = "<group>"; };
		29BFC50F21C3AE18008ACC81 /* FirstViewController.xib */ = {isa = PBXFileReference; lastKnownFileType = file.xib; path = FirstViewController.xib; sourceTree = "<group>"; };
		29BFC51221C3B8DE008ACC81 /* CollectionHeaderReusableView.swift */ = {isa = PBXFileReference; lastKnownFileType = sourcecode.swift; path = CollectionHeaderReusableView.swift; sourceTree = "<group>"; };
		29BFC51321C3B8DE008ACC81 /* CollectionHeaderReusableView.xib */ = {isa = PBXFileReference; lastKnownFileType = file.xib; path = CollectionHeaderReusableView.xib; sourceTree = "<group>"; };
		29BFC51621C3B920008ACC81 /* CollectionFooterReusableView.swift */ = {isa = PBXFileReference; lastKnownFileType = sourcecode.swift; path = CollectionFooterReusableView.swift; sourceTree = "<group>"; };
		29BFC51721C3B920008ACC81 /* CollectionFooterReusableView.xib */ = {isa = PBXFileReference; lastKnownFileType = file.xib; path = CollectionFooterReusableView.xib; sourceTree = "<group>"; };
		29BFC51A21C3B9E8008ACC81 /* CollectionViewCell.swift */ = {isa = PBXFileReference; lastKnownFileType = sourcecode.swift; path = CollectionViewCell.swift; sourceTree = "<group>"; };
		29BFC51B21C3B9E8008ACC81 /* CollectionViewCell.xib */ = {isa = PBXFileReference; lastKnownFileType = file.xib; path = CollectionViewCell.xib; sourceTree = "<group>"; };
		29BFC51E21C76D00008ACC81 /* MineInfoView.swift */ = {isa = PBXFileReference; lastKnownFileType = sourcecode.swift; path = MineInfoView.swift; sourceTree = "<group>"; };
		29BFC52021C76D0A008ACC81 /* MineInfoView.xib */ = {isa = PBXFileReference; lastKnownFileType = file.xib; path = MineInfoView.xib; sourceTree = "<group>"; };
		29D1275421D0F588000C6078 /* BaseViewController.swift */ = {isa = PBXFileReference; lastKnownFileType = sourcecode.swift; path = BaseViewController.swift; sourceTree = "<group>"; };
/* End PBXFileReference section */

/* Begin PBXFrameworksBuildPhase section */
		29BFC4F521C3AC15008ACC81 /* Frameworks */ = {
			isa = PBXFrameworksBuildPhase;
			buildActionMask = 2147483647;
			files = (
			);
			runOnlyForDeploymentPostprocessing = 0;
		};
/* End PBXFrameworksBuildPhase section */

/* Begin PBXGroup section */
		290E75EE21D21505004E9FAC /* Sources */ = {
			isa = PBXGroup;
			children = (
				290E75F821D21960004E9FAC /* CoreDataManager.swift */,
				290E75FE21D21E0C004E9FAC /* Model.xcdatamodeld */,
			);
			path = Sources;
			sourceTree = "<group>";
		};
		293165C121CA1FB600B40328 /* Extension */ = {
			isa = PBXGroup;
			children = (
				293165C221CA203C00B40328 /* UIDevice+Extension.swift */,
				29D1275421D0F588000C6078 /* BaseViewController.swift */,
				290E75E921D1C8AF004E9FAC /* UINavigationBar+NormalView.swift */,
			);
			path = Extension;
			sourceTree = "<group>";
		};
		293165CC21CA3B8400B40328 /* ThirdSDK */ = {
			isa = PBXGroup;
			children = (
				2982B72921CB2CED0062E438 /* GPLKeyBoardWrapper.swift */,
			);
			path = ThirdSDK;
			sourceTree = "<group>";
		};
		29BFC4EF21C3AC15008ACC81 = {
			isa = PBXGroup;
			children = (
				29BFC4FA21C3AC15008ACC81 /* CurriculumVitae */,
				29BFC4F921C3AC15008ACC81 /* Products */,
			);
			sourceTree = "<group>";
		};
		29BFC4F921C3AC15008ACC81 /* Products */ = {
			isa = PBXGroup;
			children = (
				29BFC4F821C3AC15008ACC81 /* CurriculumVitae.app */,
			);
			name = Products;
			sourceTree = "<group>";
		};
		29BFC4FA21C3AC15008ACC81 /* CurriculumVitae */ = {
			isa = PBXGroup;
			children = (
				290E75EE21D21505004E9FAC /* Sources */,
				293165CC21CA3B8400B40328 /* ThirdSDK */,
				293165C121CA1FB600B40328 /* Extension */,
				29BFC50D21C3AE02008ACC81 /* FirstFroup */,
				29BFC4FB21C3AC15008ACC81 /* AppDelegate.swift */,
				29BFC4FD21C3AC15008ACC81 /* ViewController.swift */,
				29BFC4FF21C3AC15008ACC81 /* Main.storyboard */,
				29BFC50221C3AC16008ACC81 /* Assets.xcassets */,
				29BFC50421C3AC16008ACC81 /* LaunchScreen.storyboard */,
				29BFC50721C3AC16008ACC81 /* Info.plist */,
			);
			path = CurriculumVitae;
			sourceTree = "<group>";
		};
		29BFC50D21C3AE02008ACC81 /* FirstFroup */ = {
			isa = PBXGroup;
			children = (
				29BFC50E21C3AE18008ACC81 /* FirstViewController.swift */,
				29BFC50F21C3AE18008ACC81 /* FirstViewController.xib */,
				2982B73121CB94400062E438 /* BaseMineView.swift */,
				29BFC51E21C76D00008ACC81 /* MineInfoView.swift */,
				29BFC52021C76D0A008ACC81 /* MineInfoView.xib */,
				293165C421CA239200B40328 /* MineSecondView.swift */,
				293165C621CA239E00B40328 /* MineSecondView.xib */,
				293165C821CA374500B40328 /* MineThirdView.swift */,
				293165CA21CA375100B40328 /* MineThirdView.xib */,
				29BFC51A21C3B9E8008ACC81 /* CollectionViewCell.swift */,
				29BFC51B21C3B9E8008ACC81 /* CollectionViewCell.xib */,
				29BFC51221C3B8DE008ACC81 /* CollectionHeaderReusableView.swift */,
				29BFC51321C3B8DE008ACC81 /* CollectionHeaderReusableView.xib */,
				29BFC51621C3B920008ACC81 /* CollectionFooterReusableView.swift */,
				29BFC51721C3B920008ACC81 /* CollectionFooterReusableView.xib */,
			);
			path = FirstFroup;
			sourceTree = "<group>";
		};
/* End PBXGroup section */

/* Begin PBXNativeTarget section */
		29BFC4F721C3AC15008ACC81 /* CurriculumVitae */ = {
			isa = PBXNativeTarget;
			buildConfigurationList = 29BFC50A21C3AC16008ACC81 /* Build configuration list for PBXNativeTarget "CurriculumVitae" */;
			buildPhases = (
				29BFC4F421C3AC15008ACC81 /* Sources */,
				29BFC4F521C3AC15008ACC81 /* Frameworks */,
				29BFC4F621C3AC15008ACC81 /* Resources */,
			);
			buildRules = (
			);
			dependencies = (
			);
			name = CurriculumVitae;
			productName = CurriculumVitae;
			productReference = 29BFC4F821C3AC15008ACC81 /* CurriculumVitae.app */;
			productType = "com.apple.product-type.application";
		};
/* End PBXNativeTarget section */

/* Begin PBXProject section */
		29BFC4F021C3AC15008ACC81 /* Project object */ = {
			isa = PBXProject;
			attributes = {
				LastSwiftUpdateCheck = 0940;
				LastUpgradeCheck = 0940;
				ORGANIZATIONNAME = "顾鹏凌";
				TargetAttributes = {
					29BFC4F721C3AC15008ACC81 = {
						CreatedOnToolsVersion = 9.4.1;
						LastSwiftMigration = 1010;
					};
				};
			};
			buildConfigurationList = 29BFC4F321C3AC15008ACC81 /* Build configuration list for PBXProject "CurriculumVitae" */;
			compatibilityVersion = "Xcode 9.3";
			developmentRegion = en;
			hasScannedForEncodings = 0;
			knownRegions = (
				en,
				Base,
			);
			mainGroup = 29BFC4EF21C3AC15008ACC81;
			productRefGroup = 29BFC4F921C3AC15008ACC81 /* Products */;
			projectDirPath = "";
			projectRoot = "";
			targets = (
				29BFC4F721C3AC15008ACC81 /* CurriculumVitae */,
			);
		};
/* End PBXProject section */

/* Begin PBXResourcesBuildPhase section */
		29BFC4F621C3AC15008ACC81 /* Resources */ = {
			isa = PBXResourcesBuildPhase;
			buildActionMask = 2147483647;
			files = (
				29BFC51921C3B920008ACC81 /* CollectionFooterReusableView.xib in Resources */,
				293165C721CA239E00B40328 /* MineSecondView.xib in Resources */,
				29BFC52121C76D0A008ACC81 /* MineInfoView.xib in Resources */,
				29BFC51D21C3B9E8008ACC81 /* CollectionViewCell.xib in Resources */,
				29BFC51521C3B8DE008ACC81 /* CollectionHeaderReusableView.xib in Resources */,
				293165CB21CA375100B40328 /* MineThirdView.xib in Resources */,
				29BFC50621C3AC16008ACC81 /* LaunchScreen.storyboard in Resources */,
				29BFC50321C3AC16008ACC81 /* Assets.xcassets in Resources */,
				29BFC50121C3AC15008ACC81 /* Main.storyboard in Resources */,
				29BFC51121C3AE18008ACC81 /* FirstViewController.xib in Resources */,
			);
			runOnlyForDeploymentPostprocessing = 0;
		};
/* End PBXResourcesBuildPhase section */

/* Begin PBXSourcesBuildPhase section */
		29BFC4F421C3AC15008ACC81 /* Sources */ = {
			isa = PBXSourcesBuildPhase;
			buildActionMask = 2147483647;
			files = (
				2982B73221CB94400062E438 /* BaseMineView.swift in Sources */,
				29BFC51421C3B8DE008ACC81 /* CollectionHeaderReusableView.swift in Sources */,
				290E75F921D21960004E9FAC /* CoreDataManager.swift in Sources */,
				293165C921CA374500B40328 /* MineThirdView.swift in Sources */,
				293165C321CA203C00B40328 /* UIDevice+Extension.swift in Sources */,
				29D1275521D0F588000C6078 /* BaseViewController.swift in Sources */,
				29BFC51021C3AE18008ACC81 /* FirstViewController.swift in Sources */,
				290E760021D21E0C004E9FAC /* Model.xcdatamodeld in Sources */,
				29BFC51F21C76D00008ACC81 /* MineInfoView.swift in Sources */,
				290E75EA21D1C8AF004E9FAC /* UINavigationBar+NormalView.swift in Sources */,
				29BFC51C21C3B9E8008ACC81 /* CollectionViewCell.swift in Sources */,
				293165C521CA239200B40328 /* MineSecondView.swift in Sources */,
				29BFC4FE21C3AC15008ACC81 /* ViewController.swift in Sources */,
				2982B72A21CB2CED0062E438 /* GPLKeyBoardWrapper.swift in Sources */,
				29BFC51821C3B920008ACC81 /* CollectionFooterReusableView.swift in Sources */,
				29BFC4FC21C3AC15008ACC81 /* AppDelegate.swift in Sources */,
			);
			runOnlyForDeploymentPostprocessing = 0;
		};
/* End PBXSourcesBuildPhase section */

/* Begin PBXVariantGroup section */
		29BFC4FF21C3AC15008ACC81 /* Main.storyboard */ = {
			isa = PBXVariantGroup;
			children = (
				29BFC50021C3AC15008ACC81 /* Base */,
			);
			name = Main.storyboard;
			sourceTree = "<group>";
		};
		29BFC50421C3AC16008ACC81 /* LaunchScreen.storyboard */ = {
			isa = PBXVariantGroup;
			children = (
				29BFC50521C3AC16008ACC81 /* Base */,
			);
			name = LaunchScreen.storyboard;
			sourceTree = "<group>";
		};
/* End PBXVariantGroup section */

/* Begin XCBuildConfiguration section */
		29BFC50821C3AC16008ACC81 /* Debug */ = {
			isa = XCBuildConfiguration;
			buildSettings = {
				ALWAYS_SEARCH_USER_PATHS = NO;
				CLANG_ANALYZER_NONNULL = YES;
				CLANG_ANALYZER_NUMBER_OBJECT_CONVERSION = YES_AGGRESSIVE;
				CLANG_CXX_LANGUAGE_STANDARD = "gnu++14";
				CLANG_CXX_LIBRARY = "libc++";
				CLANG_ENABLE_MODULES = YES;
				CLANG_ENABLE_OBJC_ARC = YES;
				CLANG_ENABLE_OBJC_WEAK = YES;
				CLANG_WARN_BLOCK_CAPTURE_AUTORELEASING = YES;
				CLANG_WARN_BOOL_CONVERSION = YES;
				CLANG_WARN_COMMA = YES;
				CLANG_WARN_CONSTANT_CONVERSION = YES;
				CLANG_WARN_DEPRECATED_OBJC_IMPLEMENTATIONS = YES;
				CLANG_WARN_DIRECT_OBJC_ISA_USAGE = YES_ERROR;
				CLANG_WARN_DOCUMENTATION_COMMENTS = YES;
				CLANG_WARN_EMPTY_BODY = YES;
				CLANG_WARN_ENUM_CONVERSION = YES;
				CLANG_WARN_INFINITE_RECURSION = YES;
				CLANG_WARN_INT_CONVERSION = YES;
				CLANG_WARN_NON_LITERAL_NULL_CONVERSION = YES;
				CLANG_WARN_OBJC_IMPLICIT_RETAIN_SELF = YES;
				CLANG_WARN_OBJC_LITERAL_CONVERSION = YES;
				CLANG_WARN_OBJC_ROOT_CLASS = YES_ERROR;
				CLANG_WARN_RANGE_LOOP_ANALYSIS = YES;
				CLANG_WARN_STRICT_PROTOTYPES = YES;
				CLANG_WARN_SUSPICIOUS_MOVE = YES;
				CLANG_WARN_UNGUARDED_AVAILABILITY = YES_AGGRESSIVE;
				CLANG_WARN_UNREACHABLE_CODE = YES;
				CLANG_WARN__DUPLICATE_METHOD_MATCH = YES;
				CODE_SIGN_IDENTITY = "iPhone Developer";
				COPY_PHASE_STRIP = NO;
				DEBUG_INFORMATION_FORMAT = dwarf;
				ENABLE_STRICT_OBJC_MSGSEND = YES;
				ENABLE_TESTABILITY = YES;
				GCC_C_LANGUAGE_STANDARD = gnu11;
				GCC_DYNAMIC_NO_PIC = NO;
				GCC_NO_COMMON_BLOCKS = YES;
				GCC_OPTIMIZATION_LEVEL = 0;
				GCC_PREPROCESSOR_DEFINITIONS = (
					"DEBUG=1",
					"$(inherited)",
				);
				GCC_WARN_64_TO_32_BIT_CONVERSION = YES;
				GCC_WARN_ABOUT_RETURN_TYPE = YES_ERROR;
				GCC_WARN_UNDECLARED_SELECTOR = YES;
				GCC_WARN_UNINITIALIZED_AUTOS = YES_AGGRESSIVE;
				GCC_WARN_UNUSED_FUNCTION = YES;
				GCC_WARN_UNUSED_VARIABLE = YES;
				IPHONEOS_DEPLOYMENT_TARGET = 11.4;
				MTL_ENABLE_DEBUG_INFO = YES;
				ONLY_ACTIVE_ARCH = YES;
				SDKROOT = iphoneos;
				SWIFT_ACTIVE_COMPILATION_CONDITIONS = DEBUG;
				SWIFT_OPTIMIZATION_LEVEL = "-Onone";
			};
			name = Debug;
		};
		29BFC50921C3AC16008ACC81 /* Release */ = {
			isa = XCBuildConfiguration;
			buildSettings = {
				ALWAYS_SEARCH_USER_PATHS = NO;
				CLANG_ANALYZER_NONNULL = YES;
				CLANG_ANALYZER_NUMBER_OBJECT_CONVERSION = YES_AGGRESSIVE;
				CLANG_CXX_LANGUAGE_STANDARD = "gnu++14";
				CLANG_CXX_LIBRARY = "libc++";
				CLANG_ENABLE_MODULES = YES;
				CLANG_ENABLE_OBJC_ARC = YES;
				CLANG_ENABLE_OBJC_WEAK = YES;
				CLANG_WARN_BLOCK_CAPTURE_AUTORELEASING = YES;
				CLANG_WARN_BOOL_CONVERSION = YES;
				CLANG_WARN_COMMA = YES;
				CLANG_WARN_CONSTANT_CONVERSION = YES;
				CLANG_WARN_DEPRECATED_OBJC_IMPLEMENTATIONS = YES;
				CLANG_WARN_DIRECT_OBJC_ISA_USAGE = YES_ERROR;
				CLANG_WARN_DOCUMENTATION_COMMENTS = YES;
				CLANG_WARN_EMPTY_BODY = YES;
				CLANG_WARN_ENUM_CONVERSION = YES;
				CLANG_WARN_INFINITE_RECURSION = YES;
				CLANG_WARN_INT_CONVERSION = YES;
				CLANG_WARN_NON_LITERAL_NULL_CONVERSION = YES;
				CLANG_WARN_OBJC_IMPLICIT_RETAIN_SELF = YES;
				CLANG_WARN_OBJC_LITERAL_CONVERSION = YES;
				CLANG_WARN_OBJC_ROOT_CLASS = YES_ERROR;
				CLANG_WARN_RANGE_LOOP_ANALYSIS = YES;
				CLANG_WARN_STRICT_PROTOTYPES = YES;
				CLANG_WARN_SUSPICIOUS_MOVE = YES;
				CLANG_WARN_UNGUARDED_AVAILABILITY = YES_AGGRESSIVE;
				CLANG_WARN_UNREACHABLE_CODE = YES;
				CLANG_WARN__DUPLICATE_METHOD_MATCH = YES;
				CODE_SIGN_IDENTITY = "iPhone Developer";
				COPY_PHASE_STRIP = NO;
				DEBUG_INFORMATION_FORMAT = "dwarf-with-dsym";
				ENABLE_NS_ASSERTIONS = NO;
				ENABLE_STRICT_OBJC_MSGSEND = YES;
				GCC_C_LANGUAGE_STANDARD = gnu11;
				GCC_NO_COMMON_BLOCKS = YES;
				GCC_WARN_64_TO_32_BIT_CONVERSION = YES;
				GCC_WARN_ABOUT_RETURN_TYPE = YES_ERROR;
				GCC_WARN_UNDECLARED_SELECTOR = YES;
				GCC_WARN_UNINITIALIZED_AUTOS = YES_AGGRESSIVE;
				GCC_WARN_UNUSED_FUNCTION = YES;
				GCC_WARN_UNUSED_VARIABLE = YES;
				IPHONEOS_DEPLOYMENT_TARGET = 11.4;
				MTL_ENABLE_DEBUG_INFO = NO;
				SDKROOT = iphoneos;
				SWIFT_COMPILATION_MODE = wholemodule;
				SWIFT_OPTIMIZATION_LEVEL = "-O";
				VALIDATE_PRODUCT = YES;
			};
			name = Release;
		};
		29BFC50B21C3AC16008ACC81 /* Debug */ = {
			isa = XCBuildConfiguration;
			buildSettings = {
				ASSETCATALOG_COMPILER_APPICON_NAME = AppIcon;
				CODE_SIGN_STYLE = Automatic;
				DEVELOPMENT_TEAM = 9TKC77RUYU;
				INFOPLIST_FILE = CurriculumVitae/Info.plist;
				LD_RUNPATH_SEARCH_PATHS = (
					"$(inherited)",
					"@executable_path/Frameworks",
				);
				PRODUCT_BUNDLE_IDENTIFIER = com.1mifudao.CurriculumVitae;
				PRODUCT_NAME = "$(TARGET_NAME)";
				SWIFT_VERSION = 4.2;
				TARGETED_DEVICE_FAMILY = "1,2";
			};
			name = Debug;
		};
		29BFC50C21C3AC16008ACC81 /* Release */ = {
			isa = XCBuildConfiguration;
			buildSettings = {
				ASSETCATALOG_COMPILER_APPICON_NAME = AppIcon;
				CODE_SIGN_STYLE = Automatic;
				DEVELOPMENT_TEAM = 9TKC77RUYU;
				INFOPLIST_FILE = CurriculumVitae/Info.plist;
				LD_RUNPATH_SEARCH_PATHS = (
					"$(inherited)",
					"@executable_path/Frameworks",
				);
				PRODUCT_BUNDLE_IDENTIFIER = com.1mifudao.CurriculumVitae;
				PRODUCT_NAME = "$(TARGET_NAME)";
				SWIFT_VERSION = 4.2;
				TARGETED_DEVICE_FAMILY = "1,2";
			};
			name = Release;
		};
/* End XCBuildConfiguration section */

/* Begin XCConfigurationList section */
		29BFC4F321C3AC15008ACC81 /* Build configuration list for PBXProject "CurriculumVitae" */ = {
			isa = XCConfigurationList;
			buildConfigurations = (
				29BFC50821C3AC16008ACC81 /* Debug */,
				29BFC50921C3AC16008ACC81 /* Release */,
			);
			defaultConfigurationIsVisible = 0;
			defaultConfigurationName = Release;
		};
		29BFC50A21C3AC16008ACC81 /* Build configuration list for PBXNativeTarget "CurriculumVitae" */ = {
			isa = XCConfigurationList;
			buildConfigurations = (
				29BFC50B21C3AC16008ACC81 /* Debug */,
				29BFC50C21C3AC16008ACC81 /* Release */,
			);
			defaultConfigurationIsVisible = 0;
			defaultConfigurationName = Release;
		};
/* End XCConfigurationList section */

/* Begin XCVersionGroup section */
		290E75FE21D21E0C004E9FAC /* Model.xcdatamodeld */ = {
			isa = XCVersionGroup;
			children = (
				290E75FF21D21E0C004E9FAC /* Model.xcdatamodel */,
			);
			currentVersion = 290E75FF21D21E0C004E9FAC /* Model.xcdatamodel */;
			path = Model.xcdatamodeld;
			sourceTree = "<group>";
			versionGroupType = wrapper.xcdatamodel;
		};
/* End XCVersionGroup section */
	};
	rootObject = 29BFC4F021C3AC15008ACC81 /* Project object */;
}
